
Microsoft Visual Studio Solution File, Format Version 12.00
# Visual Studio Version 16
VisualStudioVersion = 16.0.31205.134
MinimumVisualStudioVersion = 10.0.40219.1
Project("{FAE04EC0-301F-11D3-BF4B-00C04F79EFBC}") = "NVMTerrainExtractor", "NVMTerrainExtractor\NVMTerrainExtractor.csproj", "{F3C0E596-6275-422E-91F7-483189341978}"
EndProject
Global
	GlobalSection(SolutionConfigurationPlatforms) = preSolution
		Debug|Any CPU = Debug|Any CPU
		Release|Any CPU = Release|Any CPU
	EndGlobalSection
	GlobalSection(ProjectConfigurationPlatforms) = postSolution
		{F3C0E596-6275-422E-91F7-483189341978}.Debug|Any CPU.ActiveCfg = Debug|Any CPU
		{F3C0E596-6275-422E-91F7-483189341978}.Debug|Any CPU.Build.0 = Debug|Any CPU
		{F3C0E596-6275-422E-91F7-483189341978}.Release|Any CPU.ActiveCfg = Release|Any CPU
		{F3C0E596-6275-422E-91F7-483189341978}.Release|Any CPU.Build.0 = Release|Any CPU
	EndGlobalSection
	GlobalSection(SolutionProperties) = preSolution
		HideSolutionNode = FALSE
	EndGlobalSection
	GlobalSection(ExtensibilityGlobals) = postSolution
		SolutionGuid = {4565F4D6-1D12-41BF-B6F0-83B6F93C17C9}
	EndGlobalSection
EndGlobal
